github.com/willfaught/paige v0.62.1 h1:QYK5UKRo7CysyNJ/kBtbLyILx6RqEScdr21kbiVf4Ss=
github.com/willfaught/paige v0.62.1/go.mod h1:0Nt8ifl7UVYQIBaMtpZmg+BrQHHzFNqKcrBoA2Oo4/E=
github.com/willfaught/paige v0.71.4 h1:C4EjrWqxAVNP7iJi9LmsZGtt9BCMEpZoqPEm4wdEvlg=
github.com/willfaught/paige v0.71.4/go.mod h1:0Nt8ifl7UVYQIBaMtpZmg+BrQHHzFNqKcrBoA2Oo4/E=
