{
  "name": "cyber-trust-homepage",
  "lockfileVersion": 3,
  "requires": true,
  "packages": {
    "": {
      "dependencies": {
        "sass-embedded-win32-x64": "1.62.0"
      }
    },
    "node_modules/sass-embedded-win32-x64": {
      "version": "1.62.0",
      "resolved": "https://registry.npmjs.org/sass-embedded-win32-x64/-/sass-embedded-win32-x64-1.62.0.tgz",
      "integrity": "sha512-g6DZBPGfIDKLBarvYRVKJ+7rJAHJXkOQQVrYSWm22klA9ZNZ0CaVyqLqejttZPKGreD8h/xh2uz/s6w/P900Sw==",
      "cpu": [
        "x64"
      ],
      "os": [
        "win32"
      ],
      "engines": {
        "node": ">=14.0.0"
      }
    }
  }
}
